
Microsoft Visual Studio Solution File, Format Version 12.00
# Visual Studio 15
VisualStudioVersion = 15.0.26730.16
MinimumVisualStudioVersion = 10.0.40219.1
Project("{9A19103F-16F7-4668-BE54-9A1E7A4F7556}") = "SisRh.WEB", "SisRh.WEB\SisRh.WEB.csproj", "{0DD1D912-F05C-4232-AAEA-B6DB8647EDD9}"
	ProjectSection(ProjectDependencies) = postProject
		{CD0D2BB3-74F8-4326-B6F0-487F779CFEFC} = {CD0D2BB3-74F8-4326-B6F0-487F779CFEFC}
		{E17B89D4-C015-427A-BA7A-65FC5E176DD0} = {E17B89D4-C015-427A-BA7A-65FC5E176DD0}
	EndProjectSection
EndProject
Project("{2150E333-8FDC-42A3-9474-1A3956D46DE8}") = "Application", "Application", "{50524729-0C82-4804-B457-6411F83EE632}"
EndProject
Project("{2150E333-8FDC-42A3-9474-1A3956D46DE8}") = "Domain", "Domain", "{260FEA2C-5792-4069-B80D-17A4C28A89EC}"
EndProject
Project("{2150E333-8FDC-42A3-9474-1A3956D46DE8}") = "Infra", "Infra", "{069EC153-0CD8-4578-B26D-9AB521B3128A}"
EndProject
Project("{2150E333-8FDC-42A3-9474-1A3956D46DE8}") = "CrossCutting", "CrossCutting", "{F7E5E5CE-B155-41C1-9DC2-BF124D99AB15}"
EndProject
Project("{9A19103F-16F7-4668-BE54-9A1E7A4F7556}") = "SisRh.Domain", "SisRh.Domain\SisRh.Domain.csproj", "{CD0D2BB3-74F8-4326-B6F0-487F779CFEFC}"
	ProjectSection(ProjectDependencies) = postProject
		{E21C1B62-D819-4069-950A-CE854FCF87E0} = {E21C1B62-D819-4069-950A-CE854FCF87E0}
	EndProjectSection
EndProject
Project("{9A19103F-16F7-4668-BE54-9A1E7A4F7556}") = "SisRh.Infra.CrossCutting.IoC", "SisRh.Infra.CrossCutting.IoC\SisRh.Infra.CrossCutting.IoC.csproj", "{E17B89D4-C015-427A-BA7A-65FC5E176DD0}"
	ProjectSection(ProjectDependencies) = postProject
		{CD0D2BB3-74F8-4326-B6F0-487F779CFEFC} = {CD0D2BB3-74F8-4326-B6F0-487F779CFEFC}
		{8D9346B3-E703-4709-AF06-F576134922E7} = {8D9346B3-E703-4709-AF06-F576134922E7}
	EndProjectSection
EndProject
Project("{2150E333-8FDC-42A3-9474-1A3956D46DE8}") = "Data", "Data", "{513F507F-3665-4715-9762-463DC7F6747D}"
EndProject
Project("{9A19103F-16F7-4668-BE54-9A1E7A4F7556}") = "SisRh.Infra.Data.Context", "SisRh.Infra.Data.Context\SisRh.Infra.Data.Context.csproj", "{60AE6754-0762-44A7-A6C2-0522595CDE5B}"
	ProjectSection(ProjectDependencies) = postProject
		{CD0D2BB3-74F8-4326-B6F0-487F779CFEFC} = {CD0D2BB3-74F8-4326-B6F0-487F779CFEFC}
	EndProjectSection
EndProject
Project("{9A19103F-16F7-4668-BE54-9A1E7A4F7556}") = "SisRh.Infra.Data.Repository", "SisRh.Infra.Data.Repository\SisRh.Infra.Data.Repository.csproj", "{8D9346B3-E703-4709-AF06-F576134922E7}"
	ProjectSection(ProjectDependencies) = postProject
		{60AE6754-0762-44A7-A6C2-0522595CDE5B} = {60AE6754-0762-44A7-A6C2-0522595CDE5B}
		{CD0D2BB3-74F8-4326-B6F0-487F779CFEFC} = {CD0D2BB3-74F8-4326-B6F0-487F779CFEFC}
	EndProjectSection
EndProject
Project("{9A19103F-16F7-4668-BE54-9A1E7A4F7556}") = "SisRh.Domain.Core", "SisRh.Domain.Core\SisRh.Domain.Core.csproj", "{E21C1B62-D819-4069-950A-CE854FCF87E0}"
EndProject
Global
	GlobalSection(SolutionConfigurationPlatforms) = preSolution
		Debug|Any CPU = Debug|Any CPU
		Release|Any CPU = Release|Any CPU
	EndGlobalSection
	GlobalSection(ProjectConfigurationPlatforms) = postSolution
		{0DD1D912-F05C-4232-AAEA-B6DB8647EDD9}.Debug|Any CPU.ActiveCfg = Debug|Any CPU
		{0DD1D912-F05C-4232-AAEA-B6DB8647EDD9}.Debug|Any CPU.Build.0 = Debug|Any CPU
		{0DD1D912-F05C-4232-AAEA-B6DB8647EDD9}.Release|Any CPU.ActiveCfg = Release|Any CPU
		{0DD1D912-F05C-4232-AAEA-B6DB8647EDD9}.Release|Any CPU.Build.0 = Release|Any CPU
		{CD0D2BB3-74F8-4326-B6F0-487F779CFEFC}.Debug|Any CPU.ActiveCfg = Debug|Any CPU
		{CD0D2BB3-74F8-4326-B6F0-487F779CFEFC}.Debug|Any CPU.Build.0 = Debug|Any CPU
		{CD0D2BB3-74F8-4326-B6F0-487F779CFEFC}.Release|Any CPU.ActiveCfg = Release|Any CPU
		{CD0D2BB3-74F8-4326-B6F0-487F779CFEFC}.Release|Any CPU.Build.0 = Release|Any CPU
		{E17B89D4-C015-427A-BA7A-65FC5E176DD0}.Debug|Any CPU.ActiveCfg = Debug|Any CPU
		{E17B89D4-C015-427A-BA7A-65FC5E176DD0}.Debug|Any CPU.Build.0 = Debug|Any CPU
		{E17B89D4-C015-427A-BA7A-65FC5E176DD0}.Release|Any CPU.ActiveCfg = Release|Any CPU
		{E17B89D4-C015-427A-BA7A-65FC5E176DD0}.Release|Any CPU.Build.0 = Release|Any CPU
		{60AE6754-0762-44A7-A6C2-0522595CDE5B}.Debug|Any CPU.ActiveCfg = Debug|Any CPU
		{60AE6754-0762-44A7-A6C2-0522595CDE5B}.Debug|Any CPU.Build.0 = Debug|Any CPU
		{60AE6754-0762-44A7-A6C2-0522595CDE5B}.Release|Any CPU.ActiveCfg = Release|Any CPU
		{60AE6754-0762-44A7-A6C2-0522595CDE5B}.Release|Any CPU.Build.0 = Release|Any CPU
		{8D9346B3-E703-4709-AF06-F576134922E7}.Debug|Any CPU.ActiveCfg = Debug|Any CPU
		{8D9346B3-E703-4709-AF06-F576134922E7}.Debug|Any CPU.Build.0 = Debug|Any CPU
		{8D9346B3-E703-4709-AF06-F576134922E7}.Release|Any CPU.ActiveCfg = Release|Any CPU
		{8D9346B3-E703-4709-AF06-F576134922E7}.Release|Any CPU.Build.0 = Release|Any CPU
		{E21C1B62-D819-4069-950A-CE854FCF87E0}.Debug|Any CPU.ActiveCfg = Debug|Any CPU
		{E21C1B62-D819-4069-950A-CE854FCF87E0}.Debug|Any CPU.Build.0 = Debug|Any CPU
		{E21C1B62-D819-4069-950A-CE854FCF87E0}.Release|Any CPU.ActiveCfg = Release|Any CPU
		{E21C1B62-D819-4069-950A-CE854FCF87E0}.Release|Any CPU.Build.0 = Release|Any CPU
	EndGlobalSection
	GlobalSection(SolutionProperties) = preSolution
		HideSolutionNode = FALSE
	EndGlobalSection
	GlobalSection(NestedProjects) = preSolution
		{0DD1D912-F05C-4232-AAEA-B6DB8647EDD9} = {50524729-0C82-4804-B457-6411F83EE632}
		{F7E5E5CE-B155-41C1-9DC2-BF124D99AB15} = {069EC153-0CD8-4578-B26D-9AB521B3128A}
		{CD0D2BB3-74F8-4326-B6F0-487F779CFEFC} = {260FEA2C-5792-4069-B80D-17A4C28A89EC}
		{E17B89D4-C015-427A-BA7A-65FC5E176DD0} = {F7E5E5CE-B155-41C1-9DC2-BF124D99AB15}
		{513F507F-3665-4715-9762-463DC7F6747D} = {069EC153-0CD8-4578-B26D-9AB521B3128A}
		{60AE6754-0762-44A7-A6C2-0522595CDE5B} = {513F507F-3665-4715-9762-463DC7F6747D}
		{8D9346B3-E703-4709-AF06-F576134922E7} = {513F507F-3665-4715-9762-463DC7F6747D}
		{E21C1B62-D819-4069-950A-CE854FCF87E0} = {260FEA2C-5792-4069-B80D-17A4C28A89EC}
	EndGlobalSection
	GlobalSection(ExtensibilityGlobals) = postSolution
		SolutionGuid = {CEEA557A-E522-4660-8A16-078A6CDED97F}
	EndGlobalSection
EndGlobal
